
Microsoft Visual Studio Solution File, Format Version 12.00
# Visual Studio Version 17
VisualStudioVersion = 17.7.34031.279
MinimumVisualStudioVersion = 10.0.40219.1
Project("{FAE04EC0-301F-11D3-BF4B-00C04F79EFBC}") = "WpfAppMusic", "WpfAppMusic.csproj", "{9F5F4D94-FF90-4F2D-B34A-7CE2C8C03CB1}"
EndProject
Global
	GlobalSection(SolutionConfigurationPlatforms) = preSolution
		Debug|Any CPU = Debug|Any CPU
		Release|Any CPU = Release|Any CPU
	EndGlobalSection
	GlobalSection(ProjectConfigurationPlatforms) = postSolution
		{9F5F4D94-FF90-4F2D-B34A-7CE2C8C03CB1}.Debug|Any CPU.ActiveCfg = Debug|Any CPU
		{9F5F4D94-FF90-4F2D-B34A-7CE2C8C03CB1}.Debug|Any CPU.Build.0 = Debug|Any CPU
		{9F5F4D94-FF90-4F2D-B34A-7CE2C8C03CB1}.Release|Any CPU.ActiveCfg = Release|Any CPU
		{9F5F4D94-FF90-4F2D-B34A-7CE2C8C03CB1}.Release|Any CPU.Build.0 = Release|Any CPU
	EndGlobalSection
	GlobalSection(SolutionProperties) = preSolution
		HideSolutionNode = FALSE
	EndGlobalSection
	GlobalSection(ExtensibilityGlobals) = postSolution
		SolutionGuid = {A9CB656B-339E-4AD2-9EDD-5CB7A017497A}
	EndGlobalSection
EndGlobal
